// !$*UTF8*$!
{
	archiveVersion = 1;
	classes = {
	};
	objectVersion = 56;
	objects = {

/* Begin PBXBuildFile section */
		BB9C726929AB4D3F0022D453 /* AppDelegate.swift in Sources */ = {isa = PBXBuildFile; fileRef = BB9C726829AB4D3F0022D453 /* AppDelegate.swift */; };
		BB9C726B29AB4D3F0022D453 /* SceneDelegate.swift in Sources */ = {isa = PBXBuildFile; fileRef = BB9C726A29AB4D3F0022D453 /* SceneDelegate.swift */; };
		BB9C726D29AB4D3F0022D453 /* ViewController.swift in Sources */ = {isa = PBXBuildFile; fileRef = BB9C726C29AB4D3F0022D453 /* ViewController.swift */; };
		BB9C727029AB4D3F0022D453 /* Main.storyboard in Resources */ = {isa = PBXBuildFile; fileRef = BB9C726E29AB4D3F0022D453 /* Main.storyboard */; };
		BB9C727229AB4D400022D453 /* Assets.xcassets in Resources */ = {isa = PBXBuildFile; fileRef = BB9C727129AB4D400022D453 /* Assets.xcassets */; };
		BB9C727529AB4D400022D453 /* LaunchScreen.storyboard in Resources */ = {isa = PBXBuildFile; fileRef = BB9C727329AB4D400022D453 /* LaunchScreen.storyboard */; };
		BB9C728029AB4D400022D453 /* GBShopTests.swift in Sources */ = {isa = PBXBuildFile; fileRef = BB9C727F29AB4D400022D453 /* GBShopTests.swift */; };
		BB9C728A29AB4D400022D453 /* GBShopUITests.swift in Sources */ = {isa = PBXBuildFile; fileRef = BB9C728929AB4D400022D453 /* GBShopUITests.swift */; };
		BB9C728C29AB4D400022D453 /* GBShopUITestsLaunchTests.swift in Sources */ = {isa = PBXBuildFile; fileRef = BB9C728B29AB4D400022D453 /* GBShopUITestsLaunchTests.swift */; };
/* End PBXBuildFile section */

/* Begin PBXContainerItemProxy section */
		BB9C727C29AB4D400022D453 /* PBXContainerItemProxy */ = {
			isa = PBXContainerItemProxy;
			containerPortal = BB9C725D29AB4D3F0022D453 /* Project object */;
			proxyType = 1;
			remoteGlobalIDString = BB9C726429AB4D3F0022D453;
			remoteInfo = GBShop;
		};
		BB9C728629AB4D400022D453 /* PBXContainerItemProxy */ = {
			isa = PBXContainerItemProxy;
			containerPortal = BB9C725D29AB4D3F0022D453 /* Project object */;
			proxyType = 1;
			remoteGlobalIDString = BB9C726429AB4D3F0022D453;
			remoteInfo = GBShop;
		};
/* End PBXContainerItemProxy section */

/* Begin PBXFileReference section */
		BB9C726529AB4D3F0022D453 /* GBShop.app */ = {isa = PBXFileReference; explicitFileType = wrapper.application; includeInIndex = 0; path = GBShop.app; sourceTree = BUILT_PRODUCTS_DIR; };
		BB9C726829AB4D3F0022D453 /* AppDelegate.swift */ = {isa = PBXFileReference; lastKnownFileType = sourcecode.swift; path = AppDelegate.swift; sourceTree = "<group>"; };
		BB9C726A29AB4D3F0022D453 /* SceneDelegate.swift */ = {isa = PBXFileReference; lastKnownFileType = sourcecode.swift; path = SceneDelegate.swift; sourceTree = "<group>"; };
		BB9C726C29AB4D3F0022D453 /* ViewController.swift */ = {isa = PBXFileReference; lastKnownFileType = sourcecode.swift; path = ViewController.swift; sourceTree = "<group>"; };
		BB9C726F29AB4D3F0022D453 /* Base */ = {isa = PBXFileReference; lastKnownFileType = file.storyboard; name = Base; path = Base.lproj/Main.storyboard; sourceTree = "<group>"; };
		BB9C727129AB4D400022D453 /* Assets.xcassets */ = {isa = PBXFileReference; lastKnownFileType = folder.assetcatalog; path = Assets.xcassets; sourceTree = "<group>"; };
		BB9C727429AB4D400022D453 /* Base */ = {isa = PBXFileReference; lastKnownFileType = file.storyboard; name = Base; path = Base.lproj/LaunchScreen.storyboard; sourceTree = "<group>"; };
		BB9C727629AB4D400022D453 /* Info.plist */ = {isa = PBXFileReference; lastKnownFileType = text.plist.xml; path = Info.plist; sourceTree = "<group>"; };
		BB9C727B29AB4D400022D453 /* GBShopTests.xctest */ = {isa = PBXFileReference; explicitFileType = wrapper.cfbundle; includeInIndex = 0; path = GBShopTests.xctest; sourceTree = BUILT_PRODUCTS_DIR; };
		BB9C727F29AB4D400022D453 /* GBShopTests.swift */ = {isa = PBXFileReference; lastKnownFileType = sourcecode.swift; path = GBShopTests.swift; sourceTree = "<group>"; };
		BB9C728529AB4D400022D453 /* GBShopUITests.xctest */ = {isa = PBXFileReference; explicitFileType = wrapper.cfbundle; includeInIndex = 0; path = GBShopUITests.xctest; sourceTree = BUILT_PRODUCTS_DIR; };
		BB9C728929AB4D400022D453 /* GBShopUITests.swift */ = {isa = PBXFileReference; lastKnownFileType = sourcecode.swift; path = GBShopUITests.swift; sourceTree = "<group>"; };
		BB9C728B29AB4D400022D453 /* GBShopUITestsLaunchTests.swift */ = {isa = PBXFileReference; lastKnownFileType = sourcecode.swift; path = GBShopUITestsLaunchTests.swift; sourceTree = "<group>"; };
/* End PBXFileReference section */

/* Begin PBXFrameworksBuildPhase section */
		BB9C726229AB4D3F0022D453 /* Frameworks */ = {
			isa = PBXFrameworksBuildPhase;
			buildActionMask = 2147483647;
			files = (
			);
			runOnlyForDeploymentPostprocessing = 0;
		};
		BB9C727829AB4D400022D453 /* Frameworks */ = {
			isa = PBXFrameworksBuildPhase;
			buildActionMask = 2147483647;
			files = (
			);
			runOnlyForDeploymentPostprocessing = 0;
		};
		BB9C728229AB4D400022D453 /* Frameworks */ = {
			isa = PBXFrameworksBuildPhase;
			buildActionMask = 2147483647;
			files = (
			);
			runOnlyForDeploymentPostprocessing = 0;
		};
/* End PBXFrameworksBuildPhase section */

/* Begin PBXGroup section */
		BB9C725C29AB4D3F0022D453 = {
			isa = PBXGroup;
			children = (
				BB9C726729AB4D3F0022D453 /* GBShop */,
				BB9C727E29AB4D400022D453 /* GBShopTests */,
				BB9C728829AB4D400022D453 /* GBShopUITests */,
				BB9C726629AB4D3F0022D453 /* Products */,
			);
			sourceTree = "<group>";
		};
		BB9C726629AB4D3F0022D453 /* Products */ = {
			isa = PBXGroup;
			children = (
				BB9C726529AB4D3F0022D453 /* GBShop.app */,
				BB9C727B29AB4D400022D453 /* GBShopTests.xctest */,
				BB9C728529AB4D400022D453 /* GBShopUITests.xctest */,
			);
			name = Products;
			sourceTree = "<group>";
		};
		BB9C726729AB4D3F0022D453 /* GBShop */ = {
			isa = PBXGroup;
			children = (
				BB9C726829AB4D3F0022D453 /* AppDelegate.swift */,
				BB9C726A29AB4D3F0022D453 /* SceneDelegate.swift */,
				BB9C726C29AB4D3F0022D453 /* ViewController.swift */,
				BB9C726E29AB4D3F0022D453 /* Main.storyboard */,
				BB9C727129AB4D400022D453 /* Assets.xcassets */,
				BB9C727329AB4D400022D453 /* LaunchScreen.storyboard */,
				BB9C727629AB4D400022D453 /* Info.plist */,
			);
			path = GBShop;
			sourceTree = "<group>";
		};
		BB9C727E29AB4D400022D453 /* GBShopTests */ = {
			isa = PBXGroup;
			children = (
				BB9C727F29AB4D400022D453 /* GBShopTests.swift */,
			);
			path = GBShopTests;
			sourceTree = "<group>";
		};
		BB9C728829AB4D400022D453 /* GBShopUITests */ = {
			isa = PBXGroup;
			children = (
				BB9C728929AB4D400022D453 /* GBShopUITests.swift */,
				BB9C728B29AB4D400022D453 /* GBShopUITestsLaunchTests.swift */,
			);
			path = GBShopUITests;
			sourceTree = "<group>";
		};
/* End PBXGroup section */

/* Begin PBXNativeTarget section */
		BB9C726429AB4D3F0022D453 /* GBShop */ = {
			isa = PBXNativeTarget;
			buildConfigurationList = BB9C728F29AB4D400022D453 /* Build configuration list for PBXNativeTarget "GBShop" */;
			buildPhases = (
				BB9C726129AB4D3F0022D453 /* Sources */,
				BB9C726229AB4D3F0022D453 /* Frameworks */,
				BB9C726329AB4D3F0022D453 /* Resources */,
			);
			buildRules = (
			);
			dependencies = (
			);
			name = GBShop;
			productName = GBShop;
			productReference = BB9C726529AB4D3F0022D453 /* GBShop.app */;
			productType = "com.apple.product-type.application";
		};
		BB9C727A29AB4D400022D453 /* GBShopTests */ = {
			isa = PBXNativeTarget;
			buildConfigurationList = BB9C729229AB4D400022D453 /* Build configuration list for PBXNativeTarget "GBShopTests" */;
			buildPhases = (
				BB9C727729AB4D400022D453 /* Sources */,
				BB9C727829AB4D400022D453 /* Frameworks */,
				BB9C727929AB4D400022D453 /* Resources */,
			);
			buildRules = (
			);
			dependencies = (
				BB9C727D29AB4D400022D453 /* PBXTargetDependency */,
			);
			name = GBShopTests;
			productName = GBShopTests;
			productReference = BB9C727B29AB4D400022D453 /* GBShopTests.xctest */;
			productType = "com.apple.product-type.bundle.unit-test";
		};
		BB9C728429AB4D400022D453 /* GBShopUITests */ = {
			isa = PBXNativeTarget;
			buildConfigurationList = BB9C729529AB4D400022D453 /* Build configuration list for PBXNativeTarget "GBShopUITests" */;
			buildPhases = (
				BB9C728129AB4D400022D453 /* Sources */,
				BB9C728229AB4D400022D453 /* Frameworks */,
				BB9C728329AB4D400022D453 /* Resources */,
			);
			buildRules = (
			);
			dependencies = (
				BB9C728729AB4D400022D453 /* PBXTargetDependency */,
			);
			name = GBShopUITests;
			productName = GBShopUITests;
			productReference = BB9C728529AB4D400022D453 /* GBShopUITests.xctest */;
			productType = "com.apple.product-type.bundle.ui-testing";
		};
/* End PBXNativeTarget section */

/* Begin PBXProject section */
		BB9C725D29AB4D3F0022D453 /* Project object */ = {
			isa = PBXProject;
			attributes = {
				BuildIndependentTargetsInParallel = 1;
				LastSwiftUpdateCheck = 1410;
				LastUpgradeCheck = 1410;
				TargetAttributes = {
					BB9C726429AB4D3F0022D453 = {
						CreatedOnToolsVersion = 14.1;
					};
					BB9C727A29AB4D400022D453 = {
						CreatedOnToolsVersion = 14.1;
						TestTargetID = BB9C726429AB4D3F0022D453;
					};
					BB9C728429AB4D400022D453 = {
						CreatedOnToolsVersion = 14.1;
						TestTargetID = BB9C726429AB4D3F0022D453;
					};
				};
			};
			buildConfigurationList = BB9C726029AB4D3F0022D453 /* Build configuration list for PBXProject "GBShop" */;
			compatibilityVersion = "Xcode 14.0";
			developmentRegion = en;
			hasScannedForEncodings = 0;
			knownRegions = (
				en,
				Base,
			);
			mainGroup = BB9C725C29AB4D3F0022D453;
			productRefGroup = BB9C726629AB4D3F0022D453 /* Products */;
			projectDirPath = "";
			projectRoot = "";
			targets = (
				BB9C726429AB4D3F0022D453 /* GBShop */,
				BB9C727A29AB4D400022D453 /* GBShopTests */,
				BB9C728429AB4D400022D453 /* GBShopUITests */,
			);
		};
/* End PBXProject section */

/* Begin PBXResourcesBuildPhase section */
		BB9C726329AB4D3F0022D453 /* Resources */ = {
			isa = PBXResourcesBuildPhase;
			buildActionMask = 2147483647;
			files = (
				BB9C727529AB4D400022D453 /* LaunchScreen.storyboard in Resources */,
				BB9C727229AB4D400022D453 /* Assets.xcassets in Resources */,
				BB9C727029AB4D3F0022D453 /* Main.storyboard in Resources */,
			);
			runOnlyForDeploymentPostprocessing = 0;
		};
		BB9C727929AB4D400022D453 /* Resources */ = {
			isa = PBXResourcesBuildPhase;
			buildActionMask = 2147483647;
			files = (
			);
			runOnlyForDeploymentPostprocessing = 0;
		};
		BB9C728329AB4D400022D453 /* Resources */ = {
			isa = PBXResourcesBuildPhase;
			buildActionMask = 2147483647;
			files = (
			);
			runOnlyForDeploymentPostprocessing = 0;
		};
/* End PBXResourcesBuildPhase section */

/* Begin PBXSourcesBuildPhase section */
		BB9C726129AB4D3F0022D453 /* Sources */ = {
			isa = PBXSourcesBuildPhase;
			buildActionMask = 2147483647;
			files = (
				BB9C726D29AB4D3F0022D453 /* ViewController.swift in Sources */,
				BB9C726929AB4D3F0022D453 /* AppDelegate.swift in Sources */,
				BB9C726B29AB4D3F0022D453 /* SceneDelegate.swift in Sources */,
			);
			runOnlyForDeploymentPostprocessing = 0;
		};
		BB9C727729AB4D400022D453 /* Sources */ = {
			isa = PBXSourcesBuildPhase;
			buildActionMask = 2147483647;
			files = (
				BB9C728029AB4D400022D453 /* GBShopTests.swift in Sources */,
			);
			runOnlyForDeploymentPostprocessing = 0;
		};
		BB9C728129AB4D400022D453 /* Sources */ = {
			isa = PBXSourcesBuildPhase;
			buildActionMask = 2147483647;
			files = (
				BB9C728A29AB4D400022D453 /* GBShopUITests.swift in Sources */,
				BB9C728C29AB4D400022D453 /* GBShopUITestsLaunchTests.swift in Sources */,
			);
			runOnlyForDeploymentPostprocessing = 0;
		};
/* End PBXSourcesBuildPhase section */

/* Begin PBXTargetDependency section */
		BB9C727D29AB4D400022D453 /* PBXTargetDependency */ = {
			isa = PBXTargetDependency;
			target = BB9C726429AB4D3F0022D453 /* GBShop */;
			targetProxy = BB9C727C29AB4D400022D453 /* PBXContainerItemProxy */;
		};
		BB9C728729AB4D400022D453 /* PBXTargetDependency */ = {
			isa = PBXTargetDependency;
			target = BB9C726429AB4D3F0022D453 /* GBShop */;
			targetProxy = BB9C728629AB4D400022D453 /* PBXContainerItemProxy */;
		};
/* End PBXTargetDependency section */

/* Begin PBXVariantGroup section */
		BB9C726E29AB4D3F0022D453 /* Main.storyboard */ = {
			isa = PBXVariantGroup;
			children = (
				BB9C726F29AB4D3F0022D453 /* Base */,
			);
			name = Main.storyboard;
			sourceTree = "<group>";
		};
		BB9C727329AB4D400022D453 /* LaunchScreen.storyboard */ = {
			isa = PBXVariantGroup;
			children = (
				BB9C727429AB4D400022D453 /* Base */,
			);
			name = LaunchScreen.storyboard;
			sourceTree = "<group>";
		};
/* End PBXVariantGroup section */

/* Begin XCBuildConfiguration section */
		BB9C728D29AB4D400022D453 /* Debug */ = {
			isa = XCBuildConfiguration;
			buildSettings = {
				ALWAYS_SEARCH_USER_PATHS = NO;
				CLANG_ANALYZER_NONNULL = YES;
				CLANG_ANALYZER_NUMBER_OBJECT_CONVERSION = YES_AGGRESSIVE;
				CLANG_CXX_LANGUAGE_STANDARD = "gnu++20";
				CLANG_ENABLE_MODULES = YES;
				CLANG_ENABLE_OBJC_ARC = YES;
				CLANG_ENABLE_OBJC_WEAK = YES;
				CLANG_WARN_BLOCK_CAPTURE_AUTORELEASING = YES;
				CLANG_WARN_BOOL_CONVERSION = YES;
				CLANG_WARN_COMMA = YES;
				CLANG_WARN_CONSTANT_CONVERSION = YES;
				CLANG_WARN_DEPRECATED_OBJC_IMPLEMENTATIONS = YES;
				CLANG_WARN_DIRECT_OBJC_ISA_USAGE = YES_ERROR;
				CLANG_WARN_DOCUMENTATION_COMMENTS = YES;
				CLANG_WARN_EMPTY_BODY = YES;
				CLANG_WARN_ENUM_CONVERSION = YES;
				CLANG_WARN_INFINITE_RECURSION = YES;
				CLANG_WARN_INT_CONVERSION = YES;
				CLANG_WARN_NON_LITERAL_NULL_CONVERSION = YES;
				CLANG_WARN_OBJC_IMPLICIT_RETAIN_SELF = YES;
				CLANG_WARN_OBJC_LITERAL_CONVERSION = YES;
				CLANG_WARN_OBJC_ROOT_CLASS = YES_ERROR;
				CLANG_WARN_QUOTED_INCLUDE_IN_FRAMEWORK_HEADER = YES;
				CLANG_WARN_RANGE_LOOP_ANALYSIS = YES;
				CLANG_WARN_STRICT_PROTOTYPES = YES;
				CLANG_WARN_SUSPICIOUS_MOVE = YES;
				CLANG_WARN_UNGUARDED_AVAILABILITY = YES_AGGRESSIVE;
				CLANG_WARN_UNREACHABLE_CODE = YES;
				CLANG_WARN__DUPLICATE_METHOD_MATCH = YES;
				COPY_PHASE_STRIP = NO;
				DEBUG_INFORMATION_FORMAT = dwarf;
				ENABLE_STRICT_OBJC_MSGSEND = YES;
				ENABLE_TESTABILITY = YES;
				GCC_C_LANGUAGE_STANDARD = gnu11;
				GCC_DYNAMIC_NO_PIC = NO;
				GCC_NO_COMMON_BLOCKS = YES;
				GCC_OPTIMIZATION_LEVEL = 0;
				GCC_PREPROCESSOR_DEFINITIONS = (
					"DEBUG=1",
					"$(inherited)",
				);
				GCC_WARN_64_TO_32_BIT_CONVERSION = YES;
				GCC_WARN_ABOUT_RETURN_TYPE = YES_ERROR;
				GCC_WARN_UNDECLARED_SELECTOR = YES;
				GCC_WARN_UNINITIALIZED_AUTOS = YES_AGGRESSIVE;
				GCC_WARN_UNUSED_FUNCTION = YES;
				GCC_WARN_UNUSED_VARIABLE = YES;
				IPHONEOS_DEPLOYMENT_TARGET = 16.1;
				MTL_ENABLE_DEBUG_INFO = INCLUDE_SOURCE;
				MTL_FAST_MATH = YES;
				ONLY_ACTIVE_ARCH = YES;
				SDKROOT = iphoneos;
				SWIFT_ACTIVE_COMPILATION_CONDITIONS = DEBUG;
				SWIFT_OPTIMIZATION_LEVEL = "-Onone";
			};
			name = Debug;
		};
		BB9C728E29AB4D400022D453 /* Release */ = {
			isa = XCBuildConfiguration;
			buildSettings = {
				ALWAYS_SEARCH_USER_PATHS = NO;
				CLANG_ANALYZER_NONNULL = YES;
				CLANG_ANALYZER_NUMBER_OBJECT_CONVERSION = YES_AGGRESSIVE;
				CLANG_CXX_LANGUAGE_STANDARD = "gnu++20";
				CLANG_ENABLE_MODULES = YES;
				CLANG_ENABLE_OBJC_ARC = YES;
				CLANG_ENABLE_OBJC_WEAK = YES;
				CLANG_WARN_BLOCK_CAPTURE_AUTORELEASING = YES;
				CLANG_WARN_BOOL_CONVERSION = YES;
				CLANG_WARN_COMMA = YES;
				CLANG_WARN_CONSTANT_CONVERSION = YES;
				CLANG_WARN_DEPRECATED_OBJC_IMPLEMENTATIONS = YES;
				CLANG_WARN_DIRECT_OBJC_ISA_USAGE = YES_ERROR;
				CLANG_WARN_DOCUMENTATION_COMMENTS = YES;
				CLANG_WARN_EMPTY_BODY = YES;
				CLANG_WARN_ENUM_CONVERSION = YES;
				CLANG_WARN_INFINITE_RECURSION = YES;
				CLANG_WARN_INT_CONVERSION = YES;
				CLANG_WARN_NON_LITERAL_NULL_CONVERSION = YES;
				CLANG_WARN_OBJC_IMPLICIT_RETAIN_SELF = YES;
				CLANG_WARN_OBJC_LITERAL_CONVERSION = YES;
				CLANG_WARN_OBJC_ROOT_CLASS = YES_ERROR;
				CLANG_WARN_QUOTED_INCLUDE_IN_FRAMEWORK_HEADER = YES;
				CLANG_WARN_RANGE_LOOP_ANALYSIS = YES;
				CLANG_WARN_STRICT_PROTOTYPES = YES;
				CLANG_WARN_SUSPICIOUS_MOVE = YES;
				CLANG_WARN_UNGUARDED_AVAILABILITY = YES_AGGRESSIVE;
				CLANG_WARN_UNREACHABLE_CODE = YES;
				CLANG_WARN__DUPLICATE_METHOD_MATCH = YES;
				COPY_PHASE_STRIP = NO;
				DEBUG_INFORMATION_FORMAT = "dwarf-with-dsym";
				ENABLE_NS_ASSERTIONS = NO;
				ENABLE_STRICT_OBJC_MSGSEND = YES;
				GCC_C_LANGUAGE_STANDARD = gnu11;
				GCC_NO_COMMON_BLOCKS = YES;
				GCC_WARN_64_TO_32_BIT_CONVERSION = YES;
				GCC_WARN_ABOUT_RETURN_TYPE = YES_ERROR;
				GCC_WARN_UNDECLARED_SELECTOR = YES;
				GCC_WARN_UNINITIALIZED_AUTOS = YES_AGGRESSIVE;
				GCC_WARN_UNUSED_FUNCTION = YES;
				GCC_WARN_UNUSED_VARIABLE = YES;
				IPHONEOS_DEPLOYMENT_TARGET = 16.1;
				MTL_ENABLE_DEBUG_INFO = NO;
				MTL_FAST_MATH = YES;
				SDKROOT = iphoneos;
				SWIFT_COMPILATION_MODE = wholemodule;
				SWIFT_OPTIMIZATION_LEVEL = "-O";
				VALIDATE_PRODUCT = YES;
			};
			name = Release;
		};
		BB9C729029AB4D400022D453 /* Debug */ = {
			isa = XCBuildConfiguration;
			buildSettings = {
				ASSETCATALOG_COMPILER_APPICON_NAME = AppIcon;
				ASSETCATALOG_COMPILER_GLOBAL_ACCENT_COLOR_NAME = AccentColor;
				CODE_SIGN_STYLE = Automatic;
				CURRENT_PROJECT_VERSION = 1;
				DEVELOPMENT_TEAM = 3HD2DR99MJ;
				GENERATE_INFOPLIST_FILE = YES;
				INFOPLIST_FILE = GBShop/Info.plist;
				INFOPLIST_KEY_UIApplicationSupportsIndirectInputEvents = YES;
				INFOPLIST_KEY_UILaunchStoryboardName = LaunchScreen;
				INFOPLIST_KEY_UIMainStoryboardFile = Main;
				INFOPLIST_KEY_UISupportedInterfaceOrientations_iPad = "UIInterfaceOrientationPortrait UIInterfaceOrientationPortraitUpsideDown UIInterfaceOrientationLandscapeLeft UIInterfaceOrientationLandscapeRight";
				INFOPLIST_KEY_UISupportedInterfaceOrientations_iPhone = "UIInterfaceOrientationPortrait UIInterfaceOrientationLandscapeLeft UIInterfaceOrientationLandscapeRight";
				LD_RUNPATH_SEARCH_PATHS = (
					"$(inherited)",
					"@executable_path/Frameworks",
				);
				MARKETING_VERSION = 1.0;
				PRODUCT_BUNDLE_IDENTIFIER = firstConsole.GBShop;
				PRODUCT_NAME = "$(TARGET_NAME)";
				SWIFT_EMIT_LOC_STRINGS = YES;
				SWIFT_VERSION = 5.0;
				TARGETED_DEVICE_FAMILY = "1,2";
			};
			name = Debug;
		};
		BB9C729129AB4D400022D453 /* Release */ = {
			isa = XCBuildConfiguration;
			buildSettings = {
				ASSETCATALOG_COMPILER_APPICON_NAME = AppIcon;
				ASSETCATALOG_COMPILER_GLOBAL_ACCENT_COLOR_NAME = AccentColor;
				CODE_SIGN_STYLE = Automatic;
				CURRENT_PROJECT_VERSION = 1;
				DEVELOPMENT_TEAM = 3HD2DR99MJ;
				GENERATE_INFOPLIST_FILE = YES;
				INFOPLIST_FILE = GBShop/Info.plist;
				INFOPLIST_KEY_UIApplicationSupportsIndirectInputEvents = YES;
				INFOPLIST_KEY_UILaunchStoryboardName = LaunchScreen;
				INFOPLIST_KEY_UIMainStoryboardFile = Main;
				INFOPLIST_KEY_UISupportedInterfaceOrientations_iPad = "UIInterfaceOrientationPortrait UIInterfaceOrientationPortraitUpsideDown UIInterfaceOrientationLandscapeLeft UIInterfaceOrientationLandscapeRight";
				INFOPLIST_KEY_UISupportedInterfaceOrientations_iPhone = "UIInterfaceOrientationPortrait UIInterfaceOrientationLandscapeLeft UIInterfaceOrientationLandscapeRight";
				LD_RUNPATH_SEARCH_PATHS = (
					"$(inherited)",
					"@executable_path/Frameworks",
				);
				MARKETING_VERSION = 1.0;
				PRODUCT_BUNDLE_IDENTIFIER = firstConsole.GBShop;
				PRODUCT_NAME = "$(TARGET_NAME)";
				SWIFT_EMIT_LOC_STRINGS = YES;
				SWIFT_VERSION = 5.0;
				TARGETED_DEVICE_FAMILY = "1,2";
			};
			name = Release;
		};
		BB9C729329AB4D400022D453 /* Debug */ = {
			isa = XCBuildConfiguration;
			buildSettings = {
				ALWAYS_EMBED_SWIFT_STANDARD_LIBRARIES = YES;
				BUNDLE_LOADER = "$(TEST_HOST)";
				CODE_SIGN_STYLE = Automatic;
				CURRENT_PROJECT_VERSION = 1;
				DEVELOPMENT_TEAM = 3HD2DR99MJ;
				GENERATE_INFOPLIST_FILE = YES;
				IPHONEOS_DEPLOYMENT_TARGET = 16.1;
				MARKETING_VERSION = 1.0;
				PRODUCT_BUNDLE_IDENTIFIER = firstConsole.GBShopTests;
				PRODUCT_NAME = "$(TARGET_NAME)";
				SWIFT_EMIT_LOC_STRINGS = NO;
				SWIFT_VERSION = 5.0;
				TARGETED_DEVICE_FAMILY = "1,2";
				TEST_HOST = "$(BUILT_PRODUCTS_DIR)/GBShop.app/$(BUNDLE_EXECUTABLE_FOLDER_PATH)/GBShop";
			};
			name = Debug;
		};
		BB9C729429AB4D400022D453 /* Release */ = {
			isa = XCBuildConfiguration;
			buildSettings = {
				ALWAYS_EMBED_SWIFT_STANDARD_LIBRARIES = YES;
				BUNDLE_LOADER = "$(TEST_HOST)";
				CODE_SIGN_STYLE = Automatic;
				CURRENT_PROJECT_VERSION = 1;
				DEVELOPMENT_TEAM = 3HD2DR99MJ;
				GENERATE_INFOPLIST_FILE = YES;
				IPHONEOS_DEPLOYMENT_TARGET = 16.1;
				MARKETING_VERSION = 1.0;
				PRODUCT_BUNDLE_IDENTIFIER = firstConsole.GBShopTests;
				PRODUCT_NAME = "$(TARGET_NAME)";
				SWIFT_EMIT_LOC_STRINGS = NO;
				SWIFT_VERSION = 5.0;
				TARGETED_DEVICE_FAMILY = "1,2";
				TEST_HOST = "$(BUILT_PRODUCTS_DIR)/GBShop.app/$(BUNDLE_EXECUTABLE_FOLDER_PATH)/GBShop";
			};
			name = Release;
		};
		BB9C729629AB4D400022D453 /* Debug */ = {
			isa = XCBuildConfiguration;
			buildSettings = {
				ALWAYS_EMBED_SWIFT_STANDARD_LIBRARIES = YES;
				CODE_SIGN_STYLE = Automatic;
				CURRENT_PROJECT_VERSION = 1;
				DEVELOPMENT_TEAM = 3HD2DR99MJ;
				GENERATE_INFOPLIST_FILE = YES;
				MARKETING_VERSION = 1.0;
				PRODUCT_BUNDLE_IDENTIFIER = firstConsole.GBShopUITests;
				PRODUCT_NAME = "$(TARGET_NAME)";
				SWIFT_EMIT_LOC_STRINGS = NO;
				SWIFT_VERSION = 5.0;
				TARGETED_DEVICE_FAMILY = "1,2";
				TEST_TARGET_NAME = GBShop;
			};
			name = Debug;
		};
		BB9C729729AB4D400022D453 /* Release */ = {
			isa = XCBuildConfiguration;
			buildSettings = {
				ALWAYS_EMBED_SWIFT_STANDARD_LIBRARIES = YES;
				CODE_SIGN_STYLE = Automatic;
				CURRENT_PROJECT_VERSION = 1;
				DEVELOPMENT_TEAM = 3HD2DR99MJ;
				GENERATE_INFOPLIST_FILE = YES;
				MARKETING_VERSION = 1.0;
				PRODUCT_BUNDLE_IDENTIFIER = firstConsole.GBShopUITests;
				PRODUCT_NAME = "$(TARGET_NAME)";
				SWIFT_EMIT_LOC_STRINGS = NO;
				SWIFT_VERSION = 5.0;
				TARGETED_DEVICE_FAMILY = "1,2";
				TEST_TARGET_NAME = GBShop;
			};
			name = Release;
		};
/* End XCBuildConfiguration section */

/* Begin XCConfigurationList section */
		BB9C726029AB4D3F0022D453 /* Build configuration list for PBXProject "GBShop" */ = {
			isa = XCConfigurationList;
			buildConfigurations = (
				BB9C728D29AB4D400022D453 /* Debug */,
				BB9C728E29AB4D400022D453 /* Release */,
			);
			defaultConfigurationIsVisible = 0;
			defaultConfigurationName = Release;
		};
		BB9C728F29AB4D400022D453 /* Build configuration list for PBXNativeTarget "GBShop" */ = {
			isa = XCConfigurationList;
			buildConfigurations = (
				BB9C729029AB4D400022D453 /* Debug */,
				BB9C729129AB4D400022D453 /* Release */,
			);
			defaultConfigurationIsVisible = 0;
			defaultConfigurationName = Release;
		};
		BB9C729229AB4D400022D453 /* Build configuration list for PBXNativeTarget "GBShopTests" */ = {
			isa = XCConfigurationList;
			buildConfigurations = (
				BB9C729329AB4D400022D453 /* Debug */,
				BB9C729429AB4D400022D453 /* Release */,
			);
			defaultConfigurationIsVisible = 0;
			defaultConfigurationName = Release;
		};
		BB9C729529AB4D400022D453 /* Build configuration list for PBXNativeTarget "GBShopUITests" */ = {
			isa = XCConfigurationList;
			buildConfigurations = (
				BB9C729629AB4D400022D453 /* Debug */,
				BB9C729729AB4D400022D453 /* Release */,
			);
			defaultConfigurationIsVisible = 0;
			defaultConfigurationName = Release;
		};
/* End XCConfigurationList section */
	};
	rootObject = BB9C725D29AB4D3F0022D453 /* Project object */;
}
